
Microsoft Visual Studio Solution File, Format Version 12.00
# Visual Studio Version 17
VisualStudioVersion = 17.1.32127.271
MinimumVisualStudioVersion = 15.0.26124.0
Project("{9A19103F-16F7-4668-BE54-9A1E7A4F7556}") = "MonoGame.Framework", "MonoGame\MonoGame.Framework\MonoGame.Framework.csproj", "{02F755C2-B3A9-474D-83A4-DADBE051A293}"
EndProject
Project("{9A19103F-16F7-4668-BE54-9A1E7A4F7556}") = "BepuPhysics", "External\Bepu2\BepuPhysics\BepuPhysics.csproj", "{77D1551D-D618-44A9-94C8-BE39ACEDFE19}"
EndProject
Project("{9A19103F-16F7-4668-BE54-9A1E7A4F7556}") = "BepuUtilities", "External\Bepu2\BepuUtilities\BepuUtilities.csproj", "{D005BFEA-5036-4298-9D08-F5270FD9EDA8}"
EndProject
Project("{9A19103F-16F7-4668-BE54-9A1E7A4F7556}") = "SharpGLTF.Core", "External\SharpGLTF\src\SharpGLTF.Core\SharpGLTF.Core.csproj", "{D005BFEA-5036-4298-9D08-F5270FD9EDA9}"
EndProject
Project("{9A19103F-16F7-4668-BE54-9A1E7A4F7556}") = "SharpGLTF.Toolkit", "External\SharpGLTF\src\SharpGLTF.Toolkit\SharpGLTF.Toolkit.csproj", "{D005BFEA-5036-4298-9D08-F5270FD9EDB9}"
EndProject
Project("{9A19103F-16F7-4668-BE54-9A1E7A4F7556}") = "EmulatorCore", "Emulators\EmulatorCore\EmulatorCore.csproj", "{EC5A604B-06BA-453F-B42B-C5C8D70EFAD8}"
EndProject
Project("{9A19103F-16F7-4668-BE54-9A1E7A4F7556}") = "NesEmulator", "Emulators\NES\NesEmulator\NesEmulator.csproj", "{D725338A-C466-4B73-AECD-BA8BA0D8F005}"
EndProject
Project("{9A19103F-16F7-4668-BE54-9A1E7A4F7556}") = "Emu.Nes", "Emulators\NES\Emu.Nes\Emu.Nes.csproj", "{89BF5D69-939A-4E43-B154-04C58E2D4C83}"
EndProject
Project("{9A19103F-16F7-4668-BE54-9A1E7A4F7556}") = "AtariEmulator", "Emulators\Atari\AtariEmulator\AtariEmulator.csproj", "{2E3B7181-51ED-4233-A789-0D5D23D56416}"
EndProject
Project("{9A19103F-16F7-4668-BE54-9A1E7A4F7556}") = "Emu.Atari", "Emulators\Atari\Emu.Atari\Emu.Atari.csproj", "{3D5F9F80-EAD7-4431-A6F5-3D4DF4537D33}"
EndProject
Project("{9A19103F-16F7-4668-BE54-9A1E7A4F7556}") = "Engine.Core", "Engine\Engine.Core\Engine.Core.csproj", "{BAEA2759-8AAA-494F-8AB5-15F42F74BD5E}"
EndProject
Project("{9A19103F-16F7-4668-BE54-9A1E7A4F7556}") = "Engine.Editor", "Engine\Engine.Editor\Engine.Editor.csproj", "{FA1E2926-31D4-4B94-8357-3F8866CA3EDC}"
EndProject
Project("{9A19103F-16F7-4668-BE54-9A1E7A4F7556}") = "GameDemo", "Demos\GameDemo\GameDemo.csproj", "{FA1E2926-31D4-4B94-8357-3F8866CA3EEA}"
EndProject
Project("{9A19103F-16F7-4668-BE54-9A1E7A4F7556}") = "Engine.Objects", "Engine\Engine.Objects\Engine.Objects.csproj", "{8FCCA18A-768C-4E39-8951-2629018209CF}"
EndProject
Project("{9A19103F-16F7-4668-BE54-9A1E7A4F7556}") = "MaterialGenerator", "Tools\MaterialGenerator\MaterialGenerator.csproj", "{E828447F-9245-488B-8777-DA77F5331A48}"
EndProject
Project("{9A19103F-16F7-4668-BE54-9A1E7A4F7556}") = "FontProcessor", "Tools\FontProcessor\FontProcessor.csproj", "{C15DC48E-9967-4CDC-82FF-E603F15EA825}"
EndProject
Project("{9A19103F-16F7-4668-BE54-9A1E7A4F7556}") = "SoundEffectProcessor", "Tools\SoundEffectProcessor\SoundEffectProcessor.csproj", "{6FFC99CC-8915-4E6D-9B7B-0D7297874998}"
EndProject
Project("{9A19103F-16F7-4668-BE54-9A1E7A4F7556}") = "TextureCubeProcessor", "Tools\TextureCubeProcessor\TextureCubeProcessor.csproj", "{23FDA5E0-AF35-4128-8BCC-2410D17A8BEE}"
EndProject
Project("{9A19103F-16F7-4668-BE54-9A1E7A4F7556}") = "TextureProcessor", "Tools\TextureProcessor\TextureProcessor.csproj", "{513C7B20-A88E-40DE-927B-FD8381388FBC}"
EndProject
Project("{9A19103F-16F7-4668-BE54-9A1E7A4F7556}") = "TextureGenerator", "Tools\TextureGenerator\TextureGenerator.csproj", "{613A7B20-B89E-40DE-937B-FD8381488FBC}"
EndProject
Project("{9A19103F-16F7-4668-BE54-9A1E7A4F7556}") = "MaterialPacker", "Tools\MaterialPacker\MaterialPacker.csproj", "{523C7C21-A87E-41DE-947B-FE8393388EAC}"
EndProject
Project("{9A19103F-16F7-4668-BE54-9A1E7A4F7556}") = "MeshProcessor", "Tools\MeshProcessor\MeshProcessor.csproj", "{F38CD760-3D12-46CB-9D25-C60C7AFFC92A}"
EndProject
Project("{9A19103F-16F7-4668-BE54-9A1E7A4F7556}") = "MacroProcessor", "Tools\MacroProcessor\MacroProcessor.csproj", "{E3893015-F999-4506-95CE-A3E9E9A58037}"
EndProject
Project("{9A19103F-16F7-4668-BE54-9A1E7A4F7556}") = "HeightmapProcessor", "Tools\HeightmapProcessor\HeightmapProcessor.csproj", "{8ADCE3EC-2349-4796-817A-06243A8E4081}"
EndProject
Project("{9A19103F-16F7-4668-BE54-9A1E7A4F7556}") = "MeshMerge", "Tools\MeshMerge\MeshMerge.csproj", "{26B03FEC-B6DC-41CB-A979-ECCEC270D9CD}"
EndProject
Project("{9A19103F-16F7-4668-BE54-9A1E7A4F7556}") = "Macros", "Macros\Macros.csproj", "{5E79CB65-72ED-4BCA-B0AC-FA93AFC8BC85}"
EndProject
Project("{9A19103F-16F7-4668-BE54-9A1E7A4F7556}") = "Scripts", "Scripts\Scripts.csproj", "{2A51716E-5AF9-47EA-A0E1-35690842BEFA}"
EndProject
Project("{9A19103F-16F7-4668-BE54-9A1E7A4F7556}") = "Emu.C64", "Emulators\C64\Emu.C64\Emu.C64.csproj", "{5137ED63-BBF5-4BBC-8466-AD94C3727701}"
EndProject
Project("{9A19103F-16F7-4668-BE54-9A1E7A4F7556}") = "C64Emulator", "Emulators\C64\C64Emulator\C64Emulator.csproj", "{8A77243B-F074-46D3-B779-9849C5445BDE}"
EndProject
Project("{2150E333-8FDC-42A3-9474-1A3956D46DE8}") = "Tools", "Tools", "{D0CF98B5-738F-4682-AC7E-7426A686C665}"
EndProject
Project("{2150E333-8FDC-42A3-9474-1A3956D46DE8}") = "Emulator", "Emulator", "{283BD22F-1527-4C2E-A411-B6E0C5766DDA}"
EndProject
Project("{2150E333-8FDC-42A3-9474-1A3956D46DE8}") = "External", "External", "{194985D2-CD11-49E4-ABB2-DC4301599FBC}"
EndProject
Project("{9A19103F-16F7-4668-BE54-9A1E7A4F7556}") = "LiteNetLib", "External\LiteNetLib\LiteNetLib\LiteNetLib.csproj", "{EC21CE78-3C2B-4BAA-A2A0-9E661B4B29C3}"
EndProject
Global
	GlobalSection(SolutionConfigurationPlatforms) = preSolution
		Debug|Any CPU = Debug|Any CPU
		Release|Any CPU = Release|Any CPU
		ReleaseNoProfiling|Any CPU = ReleaseNoProfiling|Any CPU
	EndGlobalSection
	GlobalSection(ProjectConfigurationPlatforms) = postSolution
		{02F755C2-B3A9-474D-83A4-DADBE051A293}.Debug|Any CPU.ActiveCfg = Debug|Any CPU
		{02F755C2-B3A9-474D-83A4-DADBE051A293}.Debug|Any CPU.Build.0 = Debug|Any CPU
		{02F755C2-B3A9-474D-83A4-DADBE051A293}.Release|Any CPU.ActiveCfg = Release|Any CPU
		{02F755C2-B3A9-474D-83A4-DADBE051A293}.Release|Any CPU.Build.0 = Release|Any CPU
		{02F755C2-B3A9-474D-83A4-DADBE051A293}.ReleaseNoProfiling|Any CPU.ActiveCfg = Release|Any CPU
		{02F755C2-B3A9-474D-83A4-DADBE051A293}.ReleaseNoProfiling|Any CPU.Build.0 = Release|Any CPU
		{77D1551D-D618-44A9-94C8-BE39ACEDFE19}.Debug|Any CPU.ActiveCfg = Debug|Any CPU
		{77D1551D-D618-44A9-94C8-BE39ACEDFE19}.Debug|Any CPU.Build.0 = Debug|Any CPU
		{77D1551D-D618-44A9-94C8-BE39ACEDFE19}.Release|Any CPU.ActiveCfg = Release|Any CPU
		{77D1551D-D618-44A9-94C8-BE39ACEDFE19}.Release|Any CPU.Build.0 = Release|Any CPU
		{77D1551D-D618-44A9-94C8-BE39ACEDFE19}.ReleaseNoProfiling|Any CPU.ActiveCfg = ReleaseNoProfiling|Any CPU
		{77D1551D-D618-44A9-94C8-BE39ACEDFE19}.ReleaseNoProfiling|Any CPU.Build.0 = ReleaseNoProfiling|Any CPU
		{D005BFEA-5036-4298-9D08-F5270FD9EDA8}.Debug|Any CPU.ActiveCfg = Debug|Any CPU
		{D005BFEA-5036-4298-9D08-F5270FD9EDA8}.Debug|Any CPU.Build.0 = Debug|Any CPU
		{D005BFEA-5036-4298-9D08-F5270FD9EDA8}.Release|Any CPU.ActiveCfg = Release|Any CPU
		{D005BFEA-5036-4298-9D08-F5270FD9EDA8}.Release|Any CPU.Build.0 = Release|Any CPU
		{D005BFEA-5036-4298-9D08-F5270FD9EDA8}.ReleaseNoProfiling|Any CPU.ActiveCfg = Release|Any CPU
		{D005BFEA-5036-4298-9D08-F5270FD9EDA8}.ReleaseNoProfiling|Any CPU.Build.0 = Release|Any CPU
		{D005BFEA-5036-4298-9D08-F5270FD9EDA9}.Debug|Any CPU.ActiveCfg = Debug|Any CPU
		{D005BFEA-5036-4298-9D08-F5270FD9EDA9}.Debug|Any CPU.Build.0 = Debug|Any CPU
		{D005BFEA-5036-4298-9D08-F5270FD9EDA9}.Release|Any CPU.ActiveCfg = Release|Any CPU
		{D005BFEA-5036-4298-9D08-F5270FD9EDA9}.Release|Any CPU.Build.0 = Release|Any CPU
		{D005BFEA-5036-4298-9D08-F5270FD9EDA9}.ReleaseNoProfiling|Any CPU.ActiveCfg = Release|Any CPU
		{D005BFEA-5036-4298-9D08-F5270FD9EDA9}.ReleaseNoProfiling|Any CPU.Build.0 = Release|Any CPU
		{D005BFEA-5036-4298-9D08-F5270FD9EDB9}.Debug|Any CPU.ActiveCfg = Debug|Any CPU
		{D005BFEA-5036-4298-9D08-F5270FD9EDB9}.Debug|Any CPU.Build.0 = Debug|Any CPU
		{D005BFEA-5036-4298-9D08-F5270FD9EDB9}.Release|Any CPU.ActiveCfg = Release|Any CPU
		{D005BFEA-5036-4298-9D08-F5270FD9EDB9}.Release|Any CPU.Build.0 = Release|Any CPU
		{D005BFEA-5036-4298-9D08-F5270FD9EDB9}.ReleaseNoProfiling|Any CPU.ActiveCfg = Release|Any CPU
		{D005BFEA-5036-4298-9D08-F5270FD9EDB9}.ReleaseNoProfiling|Any CPU.Build.0 = Release|Any CPU
		{EC5A604B-06BA-453F-B42B-C5C8D70EFAD8}.Debug|Any CPU.ActiveCfg = Debug|Any CPU
		{EC5A604B-06BA-453F-B42B-C5C8D70EFAD8}.Debug|Any CPU.Build.0 = Debug|Any CPU
		{EC5A604B-06BA-453F-B42B-C5C8D70EFAD8}.Release|Any CPU.ActiveCfg = Release|Any CPU
		{EC5A604B-06BA-453F-B42B-C5C8D70EFAD8}.Release|Any CPU.Build.0 = Release|Any CPU
		{EC5A604B-06BA-453F-B42B-C5C8D70EFAD8}.ReleaseNoProfiling|Any CPU.ActiveCfg = Release|Any CPU
		{EC5A604B-06BA-453F-B42B-C5C8D70EFAD8}.ReleaseNoProfiling|Any CPU.Build.0 = Release|Any CPU
		{D725338A-C466-4B73-AECD-BA8BA0D8F005}.Debug|Any CPU.ActiveCfg = Debug|Any CPU
		{D725338A-C466-4B73-AECD-BA8BA0D8F005}.Debug|Any CPU.Build.0 = Debug|Any CPU
		{D725338A-C466-4B73-AECD-BA8BA0D8F005}.Release|Any CPU.ActiveCfg = Release|Any CPU
		{D725338A-C466-4B73-AECD-BA8BA0D8F005}.Release|Any CPU.Build.0 = Release|Any CPU
		{D725338A-C466-4B73-AECD-BA8BA0D8F005}.ReleaseNoProfiling|Any CPU.ActiveCfg = Release|Any CPU
		{D725338A-C466-4B73-AECD-BA8BA0D8F005}.ReleaseNoProfiling|Any CPU.Build.0 = Release|Any CPU
		{89BF5D69-939A-4E43-B154-04C58E2D4C83}.Debug|Any CPU.ActiveCfg = Debug|Any CPU
		{89BF5D69-939A-4E43-B154-04C58E2D4C83}.Debug|Any CPU.Build.0 = Debug|Any CPU
		{89BF5D69-939A-4E43-B154-04C58E2D4C83}.Release|Any CPU.ActiveCfg = Release|Any CPU
		{89BF5D69-939A-4E43-B154-04C58E2D4C83}.Release|Any CPU.Build.0 = Release|Any CPU
		{89BF5D69-939A-4E43-B154-04C58E2D4C83}.ReleaseNoProfiling|Any CPU.ActiveCfg = Release|Any CPU
		{89BF5D69-939A-4E43-B154-04C58E2D4C83}.ReleaseNoProfiling|Any CPU.Build.0 = Release|Any CPU
		{2E3B7181-51ED-4233-A789-0D5D23D56416}.Debug|Any CPU.ActiveCfg = Debug|Any CPU
		{2E3B7181-51ED-4233-A789-0D5D23D56416}.Debug|Any CPU.Build.0 = Debug|Any CPU
		{2E3B7181-51ED-4233-A789-0D5D23D56416}.Release|Any CPU.ActiveCfg = Release|Any CPU
		{2E3B7181-51ED-4233-A789-0D5D23D56416}.Release|Any CPU.Build.0 = Release|Any CPU
		{2E3B7181-51ED-4233-A789-0D5D23D56416}.ReleaseNoProfiling|Any CPU.ActiveCfg = Release|Any CPU
		{2E3B7181-51ED-4233-A789-0D5D23D56416}.ReleaseNoProfiling|Any CPU.Build.0 = Release|Any CPU
		{3D5F9F80-EAD7-4431-A6F5-3D4DF4537D33}.Debug|Any CPU.ActiveCfg = Debug|Any CPU
		{3D5F9F80-EAD7-4431-A6F5-3D4DF4537D33}.Debug|Any CPU.Build.0 = Debug|Any CPU
		{3D5F9F80-EAD7-4431-A6F5-3D4DF4537D33}.Release|Any CPU.ActiveCfg = Release|Any CPU
		{3D5F9F80-EAD7-4431-A6F5-3D4DF4537D33}.Release|Any CPU.Build.0 = Release|Any CPU
		{3D5F9F80-EAD7-4431-A6F5-3D4DF4537D33}.ReleaseNoProfiling|Any CPU.ActiveCfg = Release|Any CPU
		{3D5F9F80-EAD7-4431-A6F5-3D4DF4537D33}.ReleaseNoProfiling|Any CPU.Build.0 = Release|Any CPU
		{BAEA2759-8AAA-494F-8AB5-15F42F74BD5E}.Debug|Any CPU.ActiveCfg = Debug|Any CPU
		{BAEA2759-8AAA-494F-8AB5-15F42F74BD5E}.Debug|Any CPU.Build.0 = Debug|Any CPU
		{BAEA2759-8AAA-494F-8AB5-15F42F74BD5E}.Release|Any CPU.ActiveCfg = Release|Any CPU
		{BAEA2759-8AAA-494F-8AB5-15F42F74BD5E}.Release|Any CPU.Build.0 = Release|Any CPU
		{BAEA2759-8AAA-494F-8AB5-15F42F74BD5E}.ReleaseNoProfiling|Any CPU.ActiveCfg = Release|Any CPU
		{BAEA2759-8AAA-494F-8AB5-15F42F74BD5E}.ReleaseNoProfiling|Any CPU.Build.0 = Release|Any CPU
		{FA1E2926-31D4-4B94-8357-3F8866CA3EDC}.Debug|Any CPU.ActiveCfg = Debug|Any CPU
		{FA1E2926-31D4-4B94-8357-3F8866CA3EDC}.Debug|Any CPU.Build.0 = Debug|Any CPU
		{FA1E2926-31D4-4B94-8357-3F8866CA3EDC}.Release|Any CPU.ActiveCfg = Release|Any CPU
		{FA1E2926-31D4-4B94-8357-3F8866CA3EDC}.Release|Any CPU.Build.0 = Release|Any CPU
		{FA1E2926-31D4-4B94-8357-3F8866CA3EDC}.ReleaseNoProfiling|Any CPU.ActiveCfg = Release|Any CPU
		{FA1E2926-31D4-4B94-8357-3F8866CA3EDC}.ReleaseNoProfiling|Any CPU.Build.0 = Release|Any CPU
		{FA1E2926-31D4-4B94-8357-3F8866CA3EEA}.Debug|Any CPU.ActiveCfg = Debug|Any CPU
		{FA1E2926-31D4-4B94-8357-3F8866CA3EEA}.Debug|Any CPU.Build.0 = Debug|Any CPU
		{FA1E2926-31D4-4B94-8357-3F8866CA3EEA}.Release|Any CPU.ActiveCfg = Release|Any CPU
		{FA1E2926-31D4-4B94-8357-3F8866CA3EEA}.Release|Any CPU.Build.0 = Release|Any CPU
		{FA1E2926-31D4-4B94-8357-3F8866CA3EEA}.ReleaseNoProfiling|Any CPU.ActiveCfg = Release|Any CPU
		{FA1E2926-31D4-4B94-8357-3F8866CA3EEA}.ReleaseNoProfiling|Any CPU.Build.0 = Release|Any CPU
		{8FCCA18A-768C-4E39-8951-2629018209CF}.Debug|Any CPU.ActiveCfg = Debug|Any CPU
		{8FCCA18A-768C-4E39-8951-2629018209CF}.Debug|Any CPU.Build.0 = Debug|Any CPU
		{8FCCA18A-768C-4E39-8951-2629018209CF}.Release|Any CPU.ActiveCfg = Release|Any CPU
		{8FCCA18A-768C-4E39-8951-2629018209CF}.Release|Any CPU.Build.0 = Release|Any CPU
		{8FCCA18A-768C-4E39-8951-2629018209CF}.ReleaseNoProfiling|Any CPU.ActiveCfg = Release|Any CPU
		{8FCCA18A-768C-4E39-8951-2629018209CF}.ReleaseNoProfiling|Any CPU.Build.0 = Release|Any CPU
		{E828447F-9245-488B-8777-DA77F5331A48}.Debug|Any CPU.ActiveCfg = Debug|Any CPU
		{E828447F-9245-488B-8777-DA77F5331A48}.Debug|Any CPU.Build.0 = Debug|Any CPU
		{E828447F-9245-488B-8777-DA77F5331A48}.Release|Any CPU.ActiveCfg = Release|Any CPU
		{E828447F-9245-488B-8777-DA77F5331A48}.Release|Any CPU.Build.0 = Release|Any CPU
		{E828447F-9245-488B-8777-DA77F5331A48}.ReleaseNoProfiling|Any CPU.ActiveCfg = Release|Any CPU
		{E828447F-9245-488B-8777-DA77F5331A48}.ReleaseNoProfiling|Any CPU.Build.0 = Release|Any CPU
		{C15DC48E-9967-4CDC-82FF-E603F15EA825}.Debug|Any CPU.ActiveCfg = Debug|Any CPU
		{C15DC48E-9967-4CDC-82FF-E603F15EA825}.Debug|Any CPU.Build.0 = Debug|Any CPU
		{C15DC48E-9967-4CDC-82FF-E603F15EA825}.Release|Any CPU.ActiveCfg = Release|Any CPU
		{C15DC48E-9967-4CDC-82FF-E603F15EA825}.Release|Any CPU.Build.0 = Release|Any CPU
		{C15DC48E-9967-4CDC-82FF-E603F15EA825}.ReleaseNoProfiling|Any CPU.ActiveCfg = Release|Any CPU
		{C15DC48E-9967-4CDC-82FF-E603F15EA825}.ReleaseNoProfiling|Any CPU.Build.0 = Release|Any CPU
		{6FFC99CC-8915-4E6D-9B7B-0D7297874998}.Debug|Any CPU.ActiveCfg = Debug|Any CPU
		{6FFC99CC-8915-4E6D-9B7B-0D7297874998}.Debug|Any CPU.Build.0 = Debug|Any CPU
		{6FFC99CC-8915-4E6D-9B7B-0D7297874998}.Release|Any CPU.ActiveCfg = Release|Any CPU
		{6FFC99CC-8915-4E6D-9B7B-0D7297874998}.Release|Any CPU.Build.0 = Release|Any CPU
		{6FFC99CC-8915-4E6D-9B7B-0D7297874998}.ReleaseNoProfiling|Any CPU.ActiveCfg = Release|Any CPU
		{6FFC99CC-8915-4E6D-9B7B-0D7297874998}.ReleaseNoProfiling|Any CPU.Build.0 = Release|Any CPU
		{23FDA5E0-AF35-4128-8BCC-2410D17A8BEE}.Debug|Any CPU.ActiveCfg = Debug|Any CPU
		{23FDA5E0-AF35-4128-8BCC-2410D17A8BEE}.Debug|Any CPU.Build.0 = Debug|Any CPU
		{23FDA5E0-AF35-4128-8BCC-2410D17A8BEE}.Release|Any CPU.ActiveCfg = Release|Any CPU
		{23FDA5E0-AF35-4128-8BCC-2410D17A8BEE}.Release|Any CPU.Build.0 = Release|Any CPU
		{23FDA5E0-AF35-4128-8BCC-2410D17A8BEE}.ReleaseNoProfiling|Any CPU.ActiveCfg = Release|Any CPU
		{23FDA5E0-AF35-4128-8BCC-2410D17A8BEE}.ReleaseNoProfiling|Any CPU.Build.0 = Release|Any CPU
		{513C7B20-A88E-40DE-927B-FD8381388FBC}.Debug|Any CPU.ActiveCfg = Debug|Any CPU
		{513C7B20-A88E-40DE-927B-FD8381388FBC}.Debug|Any CPU.Build.0 = Debug|Any CPU
		{513C7B20-A88E-40DE-927B-FD8381388FBC}.Release|Any CPU.ActiveCfg = Release|Any CPU
		{513C7B20-A88E-40DE-927B-FD8381388FBC}.Release|Any CPU.Build.0 = Release|Any CPU
		{513C7B20-A88E-40DE-927B-FD8381388FBC}.ReleaseNoProfiling|Any CPU.ActiveCfg = Release|Any CPU
		{513C7B20-A88E-40DE-927B-FD8381388FBC}.ReleaseNoProfiling|Any CPU.Build.0 = Release|Any CPU
        {613A7B20-B89E-40DE-937B-FD8381488FBC}.Debug|Any CPU.ActiveCfg = Debug|Any CPU
		{613A7B20-B89E-40DE-937B-FD8381488FBC}.Debug|Any CPU.Build.0 = Debug|Any CPU
		{613A7B20-B89E-40DE-937B-FD8381488FBC}.Release|Any CPU.ActiveCfg = Release|Any CPU
		{613A7B20-B89E-40DE-937B-FD8381488FBC}.Release|Any CPU.Build.0 = Release|Any CPU
		{613A7B20-B89E-40DE-937B-FD8381488FBC}.ReleaseNoProfiling|Any CPU.ActiveCfg = Release|Any CPU
		{613A7B20-B89E-40DE-937B-FD8381488FBC}.ReleaseNoProfiling|Any CPU.Build.0 = Release|Any CPU
		{523C7C21-A87E-41DE-947B-FE8393388EAC}.Debug|Any CPU.ActiveCfg = Debug|Any CPU
		{523C7C21-A87E-41DE-947B-FE8393388EAC}.Debug|Any CPU.Build.0 = Debug|Any CPU
		{523C7C21-A87E-41DE-947B-FE8393388EAC}.Release|Any CPU.ActiveCfg = Release|Any CPU
		{523C7C21-A87E-41DE-947B-FE8393388EAC}.Release|Any CPU.Build.0 = Release|Any CPU
		{523C7C21-A87E-41DE-947B-FE8393388EAC}.ReleaseNoProfiling|Any CPU.ActiveCfg = Release|Any CPU
		{523C7C21-A87E-41DE-947B-FE8393388EAC}.ReleaseNoProfiling|Any CPU.Build.0 = Release|Any CPU
		{F38CD760-3D12-46CB-9D25-C60C7AFFC92A}.Debug|Any CPU.ActiveCfg = Debug|Any CPU
		{F38CD760-3D12-46CB-9D25-C60C7AFFC92A}.Debug|Any CPU.Build.0 = Debug|Any CPU
		{F38CD760-3D12-46CB-9D25-C60C7AFFC92A}.Release|Any CPU.ActiveCfg = Release|Any CPU
		{F38CD760-3D12-46CB-9D25-C60C7AFFC92A}.Release|Any CPU.Build.0 = Release|Any CPU
		{F38CD760-3D12-46CB-9D25-C60C7AFFC92A}.ReleaseNoProfiling|Any CPU.ActiveCfg = Release|Any CPU
		{F38CD760-3D12-46CB-9D25-C60C7AFFC92A}.ReleaseNoProfiling|Any CPU.Build.0 = Release|Any CPU
		{E3893015-F999-4506-95CE-A3E9E9A58037}.Debug|Any CPU.ActiveCfg = Debug|Any CPU
		{E3893015-F999-4506-95CE-A3E9E9A58037}.Debug|Any CPU.Build.0 = Debug|Any CPU
		{E3893015-F999-4506-95CE-A3E9E9A58037}.Release|Any CPU.ActiveCfg = Release|Any CPU
		{E3893015-F999-4506-95CE-A3E9E9A58037}.Release|Any CPU.Build.0 = Release|Any CPU
		{E3893015-F999-4506-95CE-A3E9E9A58037}.ReleaseNoProfiling|Any CPU.ActiveCfg = Release|Any CPU
		{E3893015-F999-4506-95CE-A3E9E9A58037}.ReleaseNoProfiling|Any CPU.Build.0 = Release|Any CPU
		{8ADCE3EC-2349-4796-817A-06243A8E4081}.Debug|Any CPU.ActiveCfg = Debug|Any CPU
		{8ADCE3EC-2349-4796-817A-06243A8E4081}.Debug|Any CPU.Build.0 = Debug|Any CPU
		{8ADCE3EC-2349-4796-817A-06243A8E4081}.Release|Any CPU.ActiveCfg = Release|Any CPU
		{8ADCE3EC-2349-4796-817A-06243A8E4081}.Release|Any CPU.Build.0 = Release|Any CPU
		{8ADCE3EC-2349-4796-817A-06243A8E4081}.ReleaseNoProfiling|Any CPU.ActiveCfg = Release|Any CPU
		{8ADCE3EC-2349-4796-817A-06243A8E4081}.ReleaseNoProfiling|Any CPU.Build.0 = Release|Any CPU
		{26B03FEC-B6DC-41CB-A979-ECCEC270D9CD}.Debug|Any CPU.ActiveCfg = Debug|Any CPU
		{26B03FEC-B6DC-41CB-A979-ECCEC270D9CD}.Debug|Any CPU.Build.0 = Debug|Any CPU
		{26B03FEC-B6DC-41CB-A979-ECCEC270D9CD}.Release|Any CPU.ActiveCfg = Release|Any CPU
		{26B03FEC-B6DC-41CB-A979-ECCEC270D9CD}.Release|Any CPU.Build.0 = Release|Any CPU
		{26B03FEC-B6DC-41CB-A979-ECCEC270D9CD}.ReleaseNoProfiling|Any CPU.ActiveCfg = Release|Any CPU
		{26B03FEC-B6DC-41CB-A979-ECCEC270D9CD}.ReleaseNoProfiling|Any CPU.Build.0 = Release|Any CPU
		{5E79CB65-72ED-4BCA-B0AC-FA93AFC8BC85}.Debug|Any CPU.ActiveCfg = Debug|Any CPU
		{5E79CB65-72ED-4BCA-B0AC-FA93AFC8BC85}.Debug|Any CPU.Build.0 = Debug|Any CPU
		{5E79CB65-72ED-4BCA-B0AC-FA93AFC8BC85}.Release|Any CPU.ActiveCfg = Release|Any CPU
		{5E79CB65-72ED-4BCA-B0AC-FA93AFC8BC85}.Release|Any CPU.Build.0 = Release|Any CPU
		{5E79CB65-72ED-4BCA-B0AC-FA93AFC8BC85}.ReleaseNoProfiling|Any CPU.ActiveCfg = Release|Any CPU
		{5E79CB65-72ED-4BCA-B0AC-FA93AFC8BC85}.ReleaseNoProfiling|Any CPU.Build.0 = Release|Any CPU
		{2A51716E-5AF9-47EA-A0E1-35690842BEFA}.Debug|Any CPU.ActiveCfg = Debug|Any CPU
		{2A51716E-5AF9-47EA-A0E1-35690842BEFA}.Debug|Any CPU.Build.0 = Debug|Any CPU
		{2A51716E-5AF9-47EA-A0E1-35690842BEFA}.Release|Any CPU.ActiveCfg = Release|Any CPU
		{2A51716E-5AF9-47EA-A0E1-35690842BEFA}.Release|Any CPU.Build.0 = Release|Any CPU
		{2A51716E-5AF9-47EA-A0E1-35690842BEFA}.ReleaseNoProfiling|Any CPU.ActiveCfg = Release|Any CPU
		{2A51716E-5AF9-47EA-A0E1-35690842BEFA}.ReleaseNoProfiling|Any CPU.Build.0 = Release|Any CPU
		{5137ED63-BBF5-4BBC-8466-AD94C3727701}.Debug|Any CPU.ActiveCfg = Debug|Any CPU
		{5137ED63-BBF5-4BBC-8466-AD94C3727701}.Debug|Any CPU.Build.0 = Debug|Any CPU
		{5137ED63-BBF5-4BBC-8466-AD94C3727701}.Release|Any CPU.ActiveCfg = Release|Any CPU
		{5137ED63-BBF5-4BBC-8466-AD94C3727701}.Release|Any CPU.Build.0 = Release|Any CPU
		{5137ED63-BBF5-4BBC-8466-AD94C3727701}.ReleaseNoProfiling|Any CPU.ActiveCfg = Release|Any CPU
		{5137ED63-BBF5-4BBC-8466-AD94C3727701}.ReleaseNoProfiling|Any CPU.Build.0 = Release|Any CPU
		{8A77243B-F074-46D3-B779-9849C5445BDE}.Debug|Any CPU.ActiveCfg = Debug|Any CPU
		{8A77243B-F074-46D3-B779-9849C5445BDE}.Debug|Any CPU.Build.0 = Debug|Any CPU
		{8A77243B-F074-46D3-B779-9849C5445BDE}.Release|Any CPU.ActiveCfg = Release|Any CPU
		{8A77243B-F074-46D3-B779-9849C5445BDE}.Release|Any CPU.Build.0 = Release|Any CPU
		{8A77243B-F074-46D3-B779-9849C5445BDE}.ReleaseNoProfiling|Any CPU.ActiveCfg = Release|Any CPU
		{8A77243B-F074-46D3-B779-9849C5445BDE}.ReleaseNoProfiling|Any CPU.Build.0 = Release|Any CPU
		{EC21CE78-3C2B-4BAA-A2A0-9E661B4B29C3}.Debug|Any CPU.ActiveCfg = Debug|Any CPU
		{EC21CE78-3C2B-4BAA-A2A0-9E661B4B29C3}.Debug|Any CPU.Build.0 = Debug|Any CPU
		{EC21CE78-3C2B-4BAA-A2A0-9E661B4B29C3}.Release|Any CPU.ActiveCfg = Release|Any CPU
		{EC21CE78-3C2B-4BAA-A2A0-9E661B4B29C3}.Release|Any CPU.Build.0 = Release|Any CPU
		{EC21CE78-3C2B-4BAA-A2A0-9E661B4B29C3}.ReleaseNoProfiling|Any CPU.ActiveCfg = Release|Any CPU
		{EC21CE78-3C2B-4BAA-A2A0-9E661B4B29C3}.ReleaseNoProfiling|Any CPU.Build.0 = Release|Any CPU
	EndGlobalSection
	GlobalSection(SolutionProperties) = preSolution
		HideSolutionNode = FALSE
	EndGlobalSection
	GlobalSection(NestedProjects) = preSolution
		{02F755C2-B3A9-474D-83A4-DADBE051A293} = {194985D2-CD11-49E4-ABB2-DC4301599FBC}
		{77D1551D-D618-44A9-94C8-BE39ACEDFE19} = {194985D2-CD11-49E4-ABB2-DC4301599FBC}
		{D005BFEA-5036-4298-9D08-F5270FD9EDA8} = {194985D2-CD11-49E4-ABB2-DC4301599FBC}
		{D005BFEA-5036-4298-9D08-F5270FD9EDA9} = {194985D2-CD11-49E4-ABB2-DC4301599FBC}
		{D005BFEA-5036-4298-9D08-F5270FD9EDB9} = {194985D2-CD11-49E4-ABB2-DC4301599FBC}
		{EC5A604B-06BA-453F-B42B-C5C8D70EFAD8} = {283BD22F-1527-4C2E-A411-B6E0C5766DDA}
		{D725338A-C466-4B73-AECD-BA8BA0D8F005} = {283BD22F-1527-4C2E-A411-B6E0C5766DDA}
		{89BF5D69-939A-4E43-B154-04C58E2D4C83} = {283BD22F-1527-4C2E-A411-B6E0C5766DDA}
		{2E3B7181-51ED-4233-A789-0D5D23D56416} = {283BD22F-1527-4C2E-A411-B6E0C5766DDA}
		{3D5F9F80-EAD7-4431-A6F5-3D4DF4537D33} = {283BD22F-1527-4C2E-A411-B6E0C5766DDA}
		{E828447F-9245-488B-8777-DA77F5331A48} = {D0CF98B5-738F-4682-AC7E-7426A686C665}
		{C15DC48E-9967-4CDC-82FF-E603F15EA825} = {D0CF98B5-738F-4682-AC7E-7426A686C665}
		{6FFC99CC-8915-4E6D-9B7B-0D7297874998} = {D0CF98B5-738F-4682-AC7E-7426A686C665}
		{23FDA5E0-AF35-4128-8BCC-2410D17A8BEE} = {D0CF98B5-738F-4682-AC7E-7426A686C665}
		{513C7B20-A88E-40DE-927B-FD8381388FBC} = {D0CF98B5-738F-4682-AC7E-7426A686C665}
        {613A7B20-B89E-40DE-937B-FD8381488FBC} = {D0CF98B5-738F-4682-AC7E-7426A686C665}
		{F38CD760-3D12-46CB-9D25-C60C7AFFC92A} = {D0CF98B5-738F-4682-AC7E-7426A686C665}
		{E3893015-F999-4506-95CE-A3E9E9A58037} = {D0CF98B5-738F-4682-AC7E-7426A686C665}
		{8ADCE3EC-2349-4796-817A-06243A8E4081} = {D0CF98B5-738F-4682-AC7E-7426A686C665}
		{26B03FEC-B6DC-41CB-A979-ECCEC270D9CD} = {D0CF98B5-738F-4682-AC7E-7426A686C665}
		{5137ED63-BBF5-4BBC-8466-AD94C3727701} = {283BD22F-1527-4C2E-A411-B6E0C5766DDA}
		{8A77243B-F074-46D3-B779-9849C5445BDE} = {283BD22F-1527-4C2E-A411-B6E0C5766DDA}
		{EC21CE78-3C2B-4BAA-A2A0-9E661B4B29C3} = {194985D2-CD11-49E4-ABB2-DC4301599FBC}
	EndGlobalSection
	GlobalSection(ExtensibilityGlobals) = postSolution
		SolutionGuid = {2D171FF9-F513-44D0-8CF0-AECFB4EDAFD2}
	EndGlobalSection
EndGlobal
